// !$*UTF8*$!
{
	archiveVersion = 1;
	classes = {
	};
	objectVersion = 46;
	objects = {

/* Begin PBXBuildFile section */
		4742E0661BEAC1B900A7DFA5 /* RatingControl.swift in Sources */ = {isa = PBXBuildFile; fileRef = 4742E0651BEAC1B900A7DFA5 /* RatingControl.swift */; };
		4742E0681BEAC9A200A7DFA5 /* Meal.swift in Sources */ = {isa = PBXBuildFile; fileRef = 4742E0671BEAC9A200A7DFA5 /* Meal.swift */; };
		4742E0691BEAC9A200A7DFA5 /* Meal.swift in Sources */ = {isa = PBXBuildFile; fileRef = 4742E0671BEAC9A200A7DFA5 /* Meal.swift */; };
		4763DCF01BEA333800B603BC /* AppDelegate.swift in Sources */ = {isa = PBXBuildFile; fileRef = 4763DCEF1BEA333800B603BC /* AppDelegate.swift */; };
		4763DCF21BEA333800B603BC /* MealViewController.swift in Sources */ = {isa = PBXBuildFile; fileRef = 4763DCF11BEA333800B603BC /* MealViewController.swift */; };
		4763DCF51BEA333800B603BC /* Main.storyboard in Resources */ = {isa = PBXBuildFile; fileRef = 4763DCF31BEA333800B603BC /* Main.storyboard */; };
		4763DCFA1BEA333800B603BC /* LaunchScreen.storyboard in Resources */ = {isa = PBXBuildFile; fileRef = 4763DCF81BEA333800B603BC /* LaunchScreen.storyboard */; };
		4763DD051BEA333800B603BC /* FoodTrackerTests.swift in Sources */ = {isa = PBXBuildFile; fileRef = 4763DD041BEA333800B603BC /* FoodTrackerTests.swift */; };
		476F68BA1BEBC57700BFF53D /* MealTableViewCell.swift in Sources */ = {isa = PBXBuildFile; fileRef = 476F68B91BEBC57700BFF53D /* MealTableViewCell.swift */; };
		476F68BC1BEBD0EB00BFF53D /* Assets.xcassets in Resources */ = {isa = PBXBuildFile; fileRef = 476F68BB1BEBD0EB00BFF53D /* Assets.xcassets */; };
		476F68BE1BEBD27400BFF53D /* MealTableViewController.swift in Sources */ = {isa = PBXBuildFile; fileRef = 476F68BD1BEBD27400BFF53D /* MealTableViewController.swift */; };
/* End PBXBuildFile section */

/* Begin PBXContainerItemProxy section */
		4763DD011BEA333800B603BC /* PBXContainerItemProxy */ = {
			isa = PBXContainerItemProxy;
			containerPortal = 4763DCE41BEA333800B603BC /* Project object */;
			proxyType = 1;
			remoteGlobalIDString = 4763DCEB1BEA333800B603BC;
			remoteInfo = FoodTracker;
		};
/* End PBXContainerItemProxy section */

/* Begin PBXFileReference section */
		4742E0651BEAC1B900A7DFA5 /* RatingControl.swift */ = {isa = PBXFileReference; fileEncoding = 4; lastKnownFileType = sourcecode.swift; path = RatingControl.swift; sourceTree = "<group>"; };
		4742E0671BEAC9A200A7DFA5 /* Meal.swift */ = {isa = PBXFileReference; fileEncoding = 4; lastKnownFileType = sourcecode.swift; path = Meal.swift; sourceTree = "<group>"; };
		4763DCEC1BEA333800B603BC /* FoodTracker.app */ = {isa = PBXFileReference; explicitFileType = wrapper.application; includeInIndex = 0; path = FoodTracker.app; sourceTree = BUILT_PRODUCTS_DIR; };
		4763DCEF1BEA333800B603BC /* AppDelegate.swift */ = {isa = PBXFileReference; lastKnownFileType = sourcecode.swift; path = AppDelegate.swift; sourceTree = "<group>"; };
		4763DCF11BEA333800B603BC /* MealViewController.swift */ = {isa = PBXFileReference; lastKnownFileType = sourcecode.swift; path = MealViewController.swift; sourceTree = "<group>"; };
		4763DCF41BEA333800B603BC /* Base */ = {isa = PBXFileReference; lastKnownFileType = file.storyboard; name = Base; path = Base.lproj/Main.storyboard; sourceTree = "<group>"; };
		4763DCF91BEA333800B603BC /* Base */ = {isa = PBXFileReference; lastKnownFileType = file.storyboard; name = Base; path = Base.lproj/LaunchScreen.storyboard; sourceTree = "<group>"; };
		4763DCFB1BEA333800B603BC /* Info.plist */ = {isa = PBXFileReference; lastKnownFileType = text.plist.xml; path = Info.plist; sourceTree = "<group>"; };
		4763DD001BEA333800B603BC /* FoodTrackerTests.xctest */ = {isa = PBXFileReference; explicitFileType = wrapper.cfbundle; includeInIndex = 0; path = FoodTrackerTests.xctest; sourceTree = BUILT_PRODUCTS_DIR; };
		4763DD041BEA333800B603BC /* FoodTrackerTests.swift */ = {isa = PBXFileReference; lastKnownFileType = sourcecode.swift; path = FoodTrackerTests.swift; sourceTree = "<group>"; };
		4763DD061BEA333800B603BC /* Info.plist */ = {isa = PBXFileReference; lastKnownFileType = text.plist.xml; path = Info.plist; sourceTree = "<group>"; };
		476F68B91BEBC57700BFF53D /* MealTableViewCell.swift */ = {isa = PBXFileReference; fileEncoding = 4; lastKnownFileType = sourcecode.swift; path = MealTableViewCell.swift; sourceTree = "<group>"; };
		476F68BB1BEBD0EB00BFF53D /* Assets.xcassets */ = {isa = PBXFileReference; lastKnownFileType = folder.assetcatalog; path = Assets.xcassets; sourceTree = "<group>"; };
		476F68BD1BEBD27400BFF53D /* MealTableViewController.swift */ = {isa = PBXFileReference; fileEncoding = 4; lastKnownFileType = sourcecode.swift; path = MealTableViewController.swift; sourceTree = "<group>"; };
/* End PBXFileReference section */

/* Begin PBXFrameworksBuildPhase section */
		4763DCE91BEA333800B603BC /* Frameworks */ = {
			isa = PBXFrameworksBuildPhase;
			buildActionMask = 2147483647;
			files = (
			);
			runOnlyForDeploymentPostprocessing = 0;
		};
		4763DCFD1BEA333800B603BC /* Frameworks */ = {
			isa = PBXFrameworksBuildPhase;
			buildActionMask = 2147483647;
			files = (
			);
			runOnlyForDeploymentPostprocessing = 0;
		};
/* End PBXFrameworksBuildPhase section */

/* Begin PBXGroup section */
		4763DCE31BEA333800B603BC = {
			isa = PBXGroup;
			children = (
				4763DCEE1BEA333800B603BC /* FoodTracker */,
				4763DD031BEA333800B603BC /* FoodTrackerTests */,
				4763DCED1BEA333800B603BC /* Products */,
			);
			sourceTree = "<group>";
		};
		4763DCED1BEA333800B603BC /* Products */ = {
			isa = PBXGroup;
			children = (
				4763DCEC1BEA333800B603BC /* FoodTracker.app */,
				4763DD001BEA333800B603BC /* FoodTrackerTests.xctest */,
			);
			name = Products;
			sourceTree = "<group>";
		};
		4763DCEE1BEA333800B603BC /* FoodTracker */ = {
			isa = PBXGroup;
			children = (
				4763DCEF1BEA333800B603BC /* AppDelegate.swift */,
				4763DCF11BEA333800B603BC /* MealViewController.swift */,
				4742E0671BEAC9A200A7DFA5 /* Meal.swift */,
				4742E0651BEAC1B900A7DFA5 /* RatingControl.swift */,
				4763DCF31BEA333800B603BC /* Main.storyboard */,
				476F68BD1BEBD27400BFF53D /* MealTableViewController.swift */,
				476F68B91BEBC57700BFF53D /* MealTableViewCell.swift */,
				4763DCF81BEA333800B603BC /* LaunchScreen.storyboard */,
				4763DCFB1BEA333800B603BC /* Info.plist */,
				476F68BB1BEBD0EB00BFF53D /* Assets.xcassets */,
			);
			path = FoodTracker;
			sourceTree = "<group>";
		};
		4763DD031BEA333800B603BC /* FoodTrackerTests */ = {
			isa = PBXGroup;
			children = (
				4763DD041BEA333800B603BC /* FoodTrackerTests.swift */,
				4763DD061BEA333800B603BC /* Info.plist */,
			);
			path = FoodTrackerTests;
			sourceTree = "<group>";
		};
/* End PBXGroup section */

/* Begin PBXNativeTarget section */
		4763DCEB1BEA333800B603BC /* FoodTracker */ = {
			isa = PBXNativeTarget;
			buildConfigurationList = 4763DD091BEA333800B603BC /* Build configuration list for PBXNativeTarget "FoodTracker" */;
			buildPhases = (
				4763DCE81BEA333800B603BC /* Sources */,
				4763DCE91BEA333800B603BC /* Frameworks */,
				4763DCEA1BEA333800B603BC /* Resources */,
			);
			buildRules = (
			);
			dependencies = (
			);
			name = FoodTracker;
			productName = FoodTracker;
			productReference = 4763DCEC1BEA333800B603BC /* FoodTracker.app */;
			productType = "com.apple.product-type.application";
		};
		4763DCFF1BEA333800B603BC /* FoodTrackerTests */ = {
			isa = PBXNativeTarget;
			buildConfigurationList = 4763DD0C1BEA333800B603BC /* Build configuration list for PBXNativeTarget "FoodTrackerTests" */;
			buildPhases = (
				4763DCFC1BEA333800B603BC /* Sources */,
				4763DCFD1BEA333800B603BC /* Frameworks */,
				4763DCFE1BEA333800B603BC /* Resources */,
			);
			buildRules = (
			);
			dependencies = (
				4763DD021BEA333800B603BC /* PBXTargetDependency */,
			);
			name = FoodTrackerTests;
			productName = FoodTrackerTests;
			productReference = 4763DD001BEA333800B603BC /* FoodTrackerTests.xctest */;
			productType = "com.apple.product-type.bundle.unit-test";
		};
/* End PBXNativeTarget section */

/* Begin PBXProject section */
		4763DCE41BEA333800B603BC /* Project object */ = {
			isa = PBXProject;
			attributes = {
				LastSwiftUpdateCheck = 0710;
				LastUpgradeCheck = 0710;
				ORGANIZATIONNAME = "Xavi Moll Villalonga";
				TargetAttributes = {
					4763DCEB1BEA333800B603BC = {
						CreatedOnToolsVersion = 7.1;
					};
					4763DCFF1BEA333800B603BC = {
						CreatedOnToolsVersion = 7.1;
						TestTargetID = 4763DCEB1BEA333800B603BC;
					};
				};
			};
			buildConfigurationList = 4763DCE71BEA333800B603BC /* Build configuration list for PBXProject "FoodTracker" */;
			compatibilityVersion = "Xcode 3.2";
			developmentRegion = English;
			hasScannedForEncodings = 0;
			knownRegions = (
				en,
				Base,
			);
			mainGroup = 4763DCE31BEA333800B603BC;
			productRefGroup = 4763DCED1BEA333800B603BC /* Products */;
			projectDirPath = "";
			projectRoot = "";
			targets = (
				4763DCEB1BEA333800B603BC /* FoodTracker */,
				4763DCFF1BEA333800B603BC /* FoodTrackerTests */,
			);
		};
/* End PBXProject section */

/* Begin PBXResourcesBuildPhase section */
		4763DCEA1BEA333800B603BC /* Resources */ = {
			isa = PBXResourcesBuildPhase;
			buildActionMask = 2147483647;
			files = (
				4763DCFA1BEA333800B603BC /* LaunchScreen.storyboard in Resources */,
				476F68BC1BEBD0EB00BFF53D /* Assets.xcassets in Resources */,
				4763DCF51BEA333800B603BC /* Main.storyboard in Resources */,
			);
			runOnlyForDeploymentPostprocessing = 0;
		};
		4763DCFE1BEA333800B603BC /* Resources */ = {
			isa = PBXResourcesBuildPhase;
			buildActionMask = 2147483647;
			files = (
			);
			runOnlyForDeploymentPostprocessing = 0;
		};
/* End PBXResourcesBuildPhase section */

/* Begin PBXSourcesBuildPhase section */
		4763DCE81BEA333800B603BC /* Sources */ = {
			isa = PBXSourcesBuildPhase;
			buildActionMask = 2147483647;
			files = (
				4742E0681BEAC9A200A7DFA5 /* Meal.swift in Sources */,
				4763DCF21BEA333800B603BC /* MealViewController.swift in Sources */,
				4742E0661BEAC1B900A7DFA5 /* RatingControl.swift in Sources */,
				4763DCF01BEA333800B603BC /* AppDelegate.swift in Sources */,
				476F68BE1BEBD27400BFF53D /* MealTableViewController.swift in Sources */,
				476F68BA1BEBC57700BFF53D /* MealTableViewCell.swift in Sources */,
			);
			runOnlyForDeploymentPostprocessing = 0;
		};
		4763DCFC1BEA333800B603BC /* Sources */ = {
			isa = PBXSourcesBuildPhase;
			buildActionMask = 2147483647;
			files = (
				4742E0691BEAC9A200A7DFA5 /* Meal.swift in Sources */,
				4763DD051BEA333800B603BC /* FoodTrackerTests.swift in Sources */,
			);
			runOnlyForDeploymentPostprocessing = 0;
		};
/* End PBXSourcesBuildPhase section */

/* Begin PBXTargetDependency section */
		4763DD021BEA333800B603BC /* PBXTargetDependency */ = {
			isa = PBXTargetDependency;
			target = 4763DCEB1BEA333800B603BC /* FoodTracker */;
			targetProxy = 4763DD011BEA333800B603BC /* PBXContainerItemProxy */;
		};
/* End PBXTargetDependency section */

/* Begin PBXVariantGroup section */
		4763DCF31BEA333800B603BC /* Main.storyboard */ = {
			isa = PBXVariantGroup;
			children = (
				4763DCF41BEA333800B603BC /* Base */,
			);
			name = Main.storyboard;
			sourceTree = "<group>";
		};
		4763DCF81BEA333800B603BC /* LaunchScreen.storyboard */ = {
			isa = PBXVariantGroup;
			children = (
				4763DCF91BEA333800B603BC /* Base */,
			);
			name = LaunchScreen.storyboard;
			sourceTree = "<group>";
		};
/* End PBXVariantGroup section */

/* Begin XCBuildConfiguration section */
		4763DD071BEA333800B603BC /* Debug */ = {
			isa = XCBuildConfiguration;
			buildSettings = {
				ALWAYS_SEARCH_USER_PATHS = NO;
				CLANG_CXX_LANGUAGE_STANDARD = "gnu++0x";
				CLANG_CXX_LIBRARY = "libc++";
				CLANG_ENABLE_MODULES = YES;
				CLANG_ENABLE_OBJC_ARC = YES;
				CLANG_WARN_BOOL_CONVERSION = YES;
				CLANG_WARN_CONSTANT_CONVERSION = YES;
				CLANG_WARN_DIRECT_OBJC_ISA_USAGE = YES_ERROR;
				CLANG_WARN_EMPTY_BODY = YES;
				CLANG_WARN_ENUM_CONVERSION = YES;
				CLANG_WARN_INT_CONVERSION = YES;
				CLANG_WARN_OBJC_ROOT_CLASS = YES_ERROR;
				CLANG_WARN_UNREACHABLE_CODE = YES;
				CLANG_WARN__DUPLICATE_METHOD_MATCH = YES;
				"CODE_SIGN_IDENTITY[sdk=iphoneos*]" = "iPhone Developer";
				COPY_PHASE_STRIP = NO;
				DEBUG_INFORMATION_FORMAT = dwarf;
				ENABLE_STRICT_OBJC_MSGSEND = YES;
				ENABLE_TESTABILITY = YES;
				GCC_C_LANGUAGE_STANDARD = gnu99;
				GCC_DYNAMIC_NO_PIC = NO;
				GCC_NO_COMMON_BLOCKS = YES;
				GCC_OPTIMIZATION_LEVEL = 0;
				GCC_PREPROCESSOR_DEFINITIONS = (
					"DEBUG=1",
					"$(inherited)",
				);
				GCC_WARN_64_TO_32_BIT_CONVERSION = YES;
				GCC_WARN_ABOUT_RETURN_TYPE = YES_ERROR;
				GCC_WARN_UNDECLARED_SELECTOR = YES;
				GCC_WARN_UNINITIALIZED_AUTOS = YES_AGGRESSIVE;
				GCC_WARN_UNUSED_FUNCTION = YES;
				GCC_WARN_UNUSED_VARIABLE = YES;
				IPHONEOS_DEPLOYMENT_TARGET = 9.1;
				MTL_ENABLE_DEBUG_INFO = YES;
				ONLY_ACTIVE_ARCH = YES;
				SDKROOT = iphoneos;
				SWIFT_OPTIMIZATION_LEVEL = "-Onone";
				TARGETED_DEVICE_FAMILY = "1,2";
			};
			name = Debug;
		};
		4763DD081BEA333800B603BC /* Release */ = {
			isa = XCBuildConfiguration;
			buildSettings = {
				ALWAYS_SEARCH_USER_PATHS = NO;
				CLANG_CXX_LANGUAGE_STANDARD = "gnu++0x";
				CLANG_CXX_LIBRARY = "libc++";
				CLANG_ENABLE_MODULES = YES;
				CLANG_ENABLE_OBJC_ARC = YES;
				CLANG_WARN_BOOL_CONVERSION = YES;
				CLANG_WARN_CONSTANT_CONVERSION = YES;
				CLANG_WARN_DIRECT_OBJC_ISA_USAGE = YES_ERROR;
				CLANG_WARN_EMPTY_BODY = YES;
				CLANG_WARN_ENUM_CONVERSION = YES;
				CLANG_WARN_INT_CONVERSION = YES;
				CLANG_WARN_OBJC_ROOT_CLASS = YES_ERROR;
				CLANG_WARN_UNREACHABLE_CODE = YES;
				CLANG_WARN__DUPLICATE_METHOD_MATCH = YES;
				"CODE_SIGN_IDENTITY[sdk=iphoneos*]" = "iPhone Developer";
				COPY_PHASE_STRIP = NO;
				DEBUG_INFORMATION_FORMAT = "dwarf-with-dsym";
				ENABLE_NS_ASSERTIONS = NO;
				ENABLE_STRICT_OBJC_MSGSEND = YES;
				GCC_C_LANGUAGE_STANDARD = gnu99;
				GCC_NO_COMMON_BLOCKS = YES;
				GCC_WARN_64_TO_32_BIT_CONVERSION = YES;
				GCC_WARN_ABOUT_RETURN_TYPE = YES_ERROR;
				GCC_WARN_UNDECLARED_SELECTOR = YES;
				GCC_WARN_UNINITIALIZED_AUTOS = YES_AGGRESSIVE;
				GCC_WARN_UNUSED_FUNCTION = YES;
				GCC_WARN_UNUSED_VARIABLE = YES;
				IPHONEOS_DEPLOYMENT_TARGET = 9.1;
				MTL_ENABLE_DEBUG_INFO = NO;
				SDKROOT = iphoneos;
				TARGETED_DEVICE_FAMILY = "1,2";
				VALIDATE_PRODUCT = YES;
			};
			name = Release;
		};
		4763DD0A1BEA333800B603BC /* Debug */ = {
			isa = XCBuildConfiguration;
			buildSettings = {
				ASSETCATALOG_COMPILER_APPICON_NAME = AppIcon;
				INFOPLIST_FILE = FoodTracker/Info.plist;
				LD_RUNPATH_SEARCH_PATHS = "$(inherited) @executable_path/Frameworks";
				PRODUCT_BUNDLE_IDENTIFIER = xmollv.FoodTracker;
				PRODUCT_NAME = "$(TARGET_NAME)";
			};
			name = Debug;
		};
		4763DD0B1BEA333800B603BC /* Release */ = {
			isa = XCBuildConfiguration;
			buildSettings = {
				ASSETCATALOG_COMPILER_APPICON_NAME = AppIcon;
				INFOPLIST_FILE = FoodTracker/Info.plist;
				LD_RUNPATH_SEARCH_PATHS = "$(inherited) @executable_path/Frameworks";
				PRODUCT_BUNDLE_IDENTIFIER = xmollv.FoodTracker;
				PRODUCT_NAME = "$(TARGET_NAME)";
			};
			name = Release;
		};
		4763DD0D1BEA333800B603BC /* Debug */ = {
			isa = XCBuildConfiguration;
			buildSettings = {
				BUNDLE_LOADER = "$(TEST_HOST)";
				INFOPLIST_FILE = FoodTrackerTests/Info.plist;
				LD_RUNPATH_SEARCH_PATHS = "$(inherited) @executable_path/Frameworks @loader_path/Frameworks";
				PRODUCT_BUNDLE_IDENTIFIER = xmollv.FoodTrackerTests;
				PRODUCT_NAME = "$(TARGET_NAME)";
				TEST_HOST = "$(BUILT_PRODUCTS_DIR)/FoodTracker.app/FoodTracker";
			};
			name = Debug;
		};
		4763DD0E1BEA333800B603BC /* Release */ = {
			isa = XCBuildConfiguration;
			buildSettings = {
				BUNDLE_LOADER = "$(TEST_HOST)";
				INFOPLIST_FILE = FoodTrackerTests/Info.plist;
				LD_RUNPATH_SEARCH_PATHS = "$(inherited) @executable_path/Frameworks @loader_path/Frameworks";
				PRODUCT_BUNDLE_IDENTIFIER = xmollv.FoodTrackerTests;
				PRODUCT_NAME = "$(TARGET_NAME)";
				TEST_HOST = "$(BUILT_PRODUCTS_DIR)/FoodTracker.app/FoodTracker";
			};
			name = Release;
		};
/* End XCBuildConfiguration section */

/* Begin XCConfigurationList section */
		4763DCE71BEA333800B603BC /* Build configuration list for PBXProject "FoodTracker" */ = {
			isa = XCConfigurationList;
			buildConfigurations = (
				4763DD071BEA333800B603BC /* Debug */,
				4763DD081BEA333800B603BC /* Release */,
			);
			defaultConfigurationIsVisible = 0;
			defaultConfigurationName = Release;
		};
		4763DD091BEA333800B603BC /* Build configuration list for PBXNativeTarget "FoodTracker" */ = {
			isa = XCConfigurationList;
			buildConfigurations = (
				4763DD0A1BEA333800B603BC /* Debug */,
				4763DD0B1BEA333800B603BC /* Release */,
			);
			defaultConfigurationIsVisible = 0;
			defaultConfigurationName = Release;
		};
		4763DD0C1BEA333800B603BC /* Build configuration list for PBXNativeTarget "FoodTrackerTests" */ = {
			isa = XCConfigurationList;
			buildConfigurations = (
				4763DD0D1BEA333800B603BC /* Debug */,
				4763DD0E1BEA333800B603BC /* Release */,
			);
			defaultConfigurationIsVisible = 0;
			defaultConfigurationName = Release;
		};
/* End XCConfigurationList section */
	};
	rootObject = 4763DCE41BEA333800B603BC /* Project object */;
}
